
Microsoft Visual Studio Solution File, Format Version 12.00
# Visual Studio Version 17
VisualStudioVersion = 17.1.32210.238
MinimumVisualStudioVersion = 10.0.40219.1
Project("{FAE04EC0-301F-11D3-BF4B-00C04F79EFBC}") = "AutoServiceSystem.BusinessObject", "AutoServiceSystem.BusinessObject\AutoServiceSystem.BusinessObject.csproj", "{C9AC9A54-9300-4CEE-A050-2A5FDD7B8928}"
EndProject
Project("{FAE04EC0-301F-11D3-BF4B-00C04F79EFBC}") = "AutoServiceSystem.DataAccessLayer", "AutoServiceSystem.DataAccessLayer\AutoServiceSystem.DataAccessLayer.csproj", "{CA1FF1A5-F662-4B56-ACE0-E7445417E699}"
EndProject
Project("{FAE04EC0-301F-11D3-BF4B-00C04F79EFBC}") = "AutoServiceSystem.DataAccessLayer.Test", "AutoServiceSystem.DataAccessLayer.Test\AutoServiceSystem.DataAccessLayer.Test.csproj", "{4A2BEBFB-D6E2-482E-B7FE-55F5329D19EE}"
EndProject
Project("{FAE04EC0-301F-11D3-BF4B-00C04F79EFBC}") = "AutoServiceSystem.WebServer", "AutoServiceSystem.WebServer\AutoServiceSystem.WebServer.csproj", "{6724E526-3813-4635-94DC-25B61028C4BD}"
EndProject
Global
	GlobalSection(SolutionConfigurationPlatforms) = preSolution
		Debug|Any CPU = Debug|Any CPU
		Release|Any CPU = Release|Any CPU
	EndGlobalSection
	GlobalSection(ProjectConfigurationPlatforms) = postSolution
		{C9AC9A54-9300-4CEE-A050-2A5FDD7B8928}.Debug|Any CPU.ActiveCfg = Debug|Any CPU
		{C9AC9A54-9300-4CEE-A050-2A5FDD7B8928}.Debug|Any CPU.Build.0 = Debug|Any CPU
		{C9AC9A54-9300-4CEE-A050-2A5FDD7B8928}.Release|Any CPU.ActiveCfg = Release|Any CPU
		{C9AC9A54-9300-4CEE-A050-2A5FDD7B8928}.Release|Any CPU.Build.0 = Release|Any CPU
		{CA1FF1A5-F662-4B56-ACE0-E7445417E699}.Debug|Any CPU.ActiveCfg = Debug|Any CPU
		{CA1FF1A5-F662-4B56-ACE0-E7445417E699}.Debug|Any CPU.Build.0 = Debug|Any CPU
		{CA1FF1A5-F662-4B56-ACE0-E7445417E699}.Release|Any CPU.ActiveCfg = Release|Any CPU
		{CA1FF1A5-F662-4B56-ACE0-E7445417E699}.Release|Any CPU.Build.0 = Release|Any CPU
		{4A2BEBFB-D6E2-482E-B7FE-55F5329D19EE}.Debug|Any CPU.ActiveCfg = Debug|Any CPU
		{4A2BEBFB-D6E2-482E-B7FE-55F5329D19EE}.Debug|Any CPU.Build.0 = Debug|Any CPU
		{4A2BEBFB-D6E2-482E-B7FE-55F5329D19EE}.Release|Any CPU.ActiveCfg = Release|Any CPU
		{4A2BEBFB-D6E2-482E-B7FE-55F5329D19EE}.Release|Any CPU.Build.0 = Release|Any CPU
		{6724E526-3813-4635-94DC-25B61028C4BD}.Debug|Any CPU.ActiveCfg = Debug|Any CPU
		{6724E526-3813-4635-94DC-25B61028C4BD}.Debug|Any CPU.Build.0 = Debug|Any CPU
		{6724E526-3813-4635-94DC-25B61028C4BD}.Release|Any CPU.ActiveCfg = Release|Any CPU
		{6724E526-3813-4635-94DC-25B61028C4BD}.Release|Any CPU.Build.0 = Release|Any CPU
	EndGlobalSection
	GlobalSection(SolutionProperties) = preSolution
		HideSolutionNode = FALSE
	EndGlobalSection
	GlobalSection(ExtensibilityGlobals) = postSolution
		SolutionGuid = {74218D8D-02F2-43C2-9B53-8A4F2D8DD8FB}
	EndGlobalSection
EndGlobal
